// !$*UTF8*$!
{
	archiveVersion = 1;
	classes = {
	};
	objectVersion = 51;
	objects = {

/* Begin PBXBuildFile section */
		44B7B3CCA9C5D8076C8A3C58 /* Pods_Millionaire.framework in Frameworks */ = {isa = PBXBuildFile; fileRef = F7BD34BCC3AC76FF58E5C094 /* Pods_Millionaire.framework */; };
		8E391598246AA0CF00D085ED /* HintOptionsStrategy.swift in Sources */ = {isa = PBXBuildFile; fileRef = 8E391597246AA0CF00D085ED /* HintOptionsStrategy.swift */; };
		8E39159A246BD9D300D085ED /* MyObservable.swift in Sources */ = {isa = PBXBuildFile; fileRef = 8E391599246BD9D300D085ED /* MyObservable.swift */; };
		8E4E798C2469E70700A64ABB /* QuestionSelectionStrategy.swift in Sources */ = {isa = PBXBuildFile; fileRef = 8E4E798B2469E70700A64ABB /* QuestionSelectionStrategy.swift */; };
		8EA415F2246495C000E1DC22 /* Question.swift in Sources */ = {isa = PBXBuildFile; fileRef = 8EA415F1246495BF00E1DC22 /* Question.swift */; };
		8EA415F424649E5C00E1DC22 /* GameViewController.swift in Sources */ = {isa = PBXBuildFile; fileRef = 8EA415F324649E5C00E1DC22 /* GameViewController.swift */; };
		8EA415F624656FF200E1DC22 /* GameSingletone.swift in Sources */ = {isa = PBXBuildFile; fileRef = 8EA415F524656FF200E1DC22 /* GameSingletone.swift */; };
		8EA415F82465706200E1DC22 /* GameSession.swift in Sources */ = {isa = PBXBuildFile; fileRef = 8EA415F72465706200E1DC22 /* GameSession.swift */; };
		8EA415FA24659DDE00E1DC22 /* TableViewController.swift in Sources */ = {isa = PBXBuildFile; fileRef = 8EA415F924659DDE00E1DC22 /* TableViewController.swift */; };
		8EA415FC2465A0A900E1DC22 /* GameSceneDelegate.swift in Sources */ = {isa = PBXBuildFile; fileRef = 8EA415FB2465A0A900E1DC22 /* GameSceneDelegate.swift */; };
		8EA415FE2465B47900E1DC22 /* GameCaretaker.swift in Sources */ = {isa = PBXBuildFile; fileRef = 8EA415FD2465B47900E1DC22 /* GameCaretaker.swift */; };
		8EA7EE20246490C300BA2D74 /* AppDelegate.swift in Sources */ = {isa = PBXBuildFile; fileRef = 8EA7EE1F246490C300BA2D74 /* AppDelegate.swift */; };
		8EA7EE22246490C300BA2D74 /* SceneDelegate.swift in Sources */ = {isa = PBXBuildFile; fileRef = 8EA7EE21246490C300BA2D74 /* SceneDelegate.swift */; };
		8EA7EE27246490C300BA2D74 /* Main.storyboard in Resources */ = {isa = PBXBuildFile; fileRef = 8EA7EE25246490C300BA2D74 /* Main.storyboard */; };
		8EA7EE29246490C600BA2D74 /* Assets.xcassets in Resources */ = {isa = PBXBuildFile; fileRef = 8EA7EE28246490C600BA2D74 /* Assets.xcassets */; };
		8EA7EE342464915400BA2D74 /* MainViewController.swift in Sources */ = {isa = PBXBuildFile; fileRef = 8EA7EE332464915400BA2D74 /* MainViewController.swift */; };
		8EE41A652467005700A7F9F1 /* Helper.swift in Sources */ = {isa = PBXBuildFile; fileRef = 8EE41A642467005700A7F9F1 /* Helper.swift */; };
		8EF6BA32246D40840025CD08 /* GetQuestionsApi.swift in Sources */ = {isa = PBXBuildFile; fileRef = 8EF6BA31246D40840025CD08 /* GetQuestionsApi.swift */; };
		8EF6BA34246D40AA0025CD08 /* QuestionsApi.swift in Sources */ = {isa = PBXBuildFile; fileRef = 8EF6BA33246D40AA0025CD08 /* QuestionsApi.swift */; };
		8EF83B6E2469D6D700B1383A /* Settings.swift in Sources */ = {isa = PBXBuildFile; fileRef = 8EF83B6D2469D6D700B1383A /* Settings.swift */; };
		8EF83B732469DD7500B1383A /* SettingsViewController.swift in Sources */ = {isa = PBXBuildFile; fileRef = 8EF83B722469DD7500B1383A /* SettingsViewController.swift */; };
/* End PBXBuildFile section */

/* Begin PBXFileReference section */
		4B56931A81150C22087F8DE5 /* Pods-Millionaire.release.xcconfig */ = {isa = PBXFileReference; includeInIndex = 1; lastKnownFileType = text.xcconfig; name = "Pods-Millionaire.release.xcconfig"; path = "Target Support Files/Pods-Millionaire/Pods-Millionaire.release.xcconfig"; sourceTree = "<group>"; };
		7D69327BC69705754C26B0DB /* Pods-Millionaire.debug.xcconfig */ = {isa = PBXFileReference; includeInIndex = 1; lastKnownFileType = text.xcconfig; name = "Pods-Millionaire.debug.xcconfig"; path = "Target Support Files/Pods-Millionaire/Pods-Millionaire.debug.xcconfig"; sourceTree = "<group>"; };
		8E391597246AA0CF00D085ED /* HintOptionsStrategy.swift */ = {isa = PBXFileReference; lastKnownFileType = sourcecode.swift; path = HintOptionsStrategy.swift; sourceTree = "<group>"; };
		8E391599246BD9D300D085ED /* MyObservable.swift */ = {isa = PBXFileReference; lastKnownFileType = sourcecode.swift; path = MyObservable.swift; sourceTree = "<group>"; };
		8E4E798B2469E70700A64ABB /* QuestionSelectionStrategy.swift */ = {isa = PBXFileReference; lastKnownFileType = sourcecode.swift; path = QuestionSelectionStrategy.swift; sourceTree = "<group>"; };
		8EA415F1246495BF00E1DC22 /* Question.swift */ = {isa = PBXFileReference; lastKnownFileType = sourcecode.swift; path = Question.swift; sourceTree = "<group>"; };
		8EA415F324649E5C00E1DC22 /* GameViewController.swift */ = {isa = PBXFileReference; lastKnownFileType = sourcecode.swift; path = GameViewController.swift; sourceTree = "<group>"; };
		8EA415F524656FF200E1DC22 /* GameSingletone.swift */ = {isa = PBXFileReference; lastKnownFileType = sourcecode.swift; path = GameSingletone.swift; sourceTree = "<group>"; };
		8EA415F72465706200E1DC22 /* GameSession.swift */ = {isa = PBXFileReference; lastKnownFileType = sourcecode.swift; path = GameSession.swift; sourceTree = "<group>"; };
		8EA415F924659DDE00E1DC22 /* TableViewController.swift */ = {isa = PBXFileReference; lastKnownFileType = sourcecode.swift; path = TableViewController.swift; sourceTree = "<group>"; };
		8EA415FB2465A0A900E1DC22 /* GameSceneDelegate.swift */ = {isa = PBXFileReference; lastKnownFileType = sourcecode.swift; path = GameSceneDelegate.swift; sourceTree = "<group>"; };
		8EA415FD2465B47900E1DC22 /* GameCaretaker.swift */ = {isa = PBXFileReference; lastKnownFileType = sourcecode.swift; path = GameCaretaker.swift; sourceTree = "<group>"; };
		8EA7EE1C246490C300BA2D74 /* Millionaire.app */ = {isa = PBXFileReference; explicitFileType = wrapper.application; includeInIndex = 0; path = Millionaire.app; sourceTree = BUILT_PRODUCTS_DIR; };
		8EA7EE1F246490C300BA2D74 /* AppDelegate.swift */ = {isa = PBXFileReference; lastKnownFileType = sourcecode.swift; path = AppDelegate.swift; sourceTree = "<group>"; };
		8EA7EE21246490C300BA2D74 /* SceneDelegate.swift */ = {isa = PBXFileReference; lastKnownFileType = sourcecode.swift; path = SceneDelegate.swift; sourceTree = "<group>"; };
		8EA7EE26246490C300BA2D74 /* Base */ = {isa = PBXFileReference; lastKnownFileType = file.storyboard; name = Base; path = Base.lproj/Main.storyboard; sourceTree = "<group>"; };
		8EA7EE28246490C600BA2D74 /* Assets.xcassets */ = {isa = PBXFileReference; lastKnownFileType = folder.assetcatalog; path = Assets.xcassets; sourceTree = "<group>"; };
		8EA7EE2D246490C600BA2D74 /* Info.plist */ = {isa = PBXFileReference; lastKnownFileType = text.plist.xml; path = Info.plist; sourceTree = "<group>"; };
		8EA7EE332464915400BA2D74 /* MainViewController.swift */ = {isa = PBXFileReference; lastKnownFileType = sourcecode.swift; path = MainViewController.swift; sourceTree = "<group>"; };
		8EE41A642467005700A7F9F1 /* Helper.swift */ = {isa = PBXFileReference; lastKnownFileType = sourcecode.swift; path = Helper.swift; sourceTree = "<group>"; };
		8EF6BA31246D40840025CD08 /* GetQuestionsApi.swift */ = {isa = PBXFileReference; lastKnownFileType = sourcecode.swift; path = GetQuestionsApi.swift; sourceTree = "<group>"; };
		8EF6BA33246D40AA0025CD08 /* QuestionsApi.swift */ = {isa = PBXFileReference; lastKnownFileType = sourcecode.swift; path = QuestionsApi.swift; sourceTree = "<group>"; };
		8EF83B6D2469D6D700B1383A /* Settings.swift */ = {isa = PBXFileReference; lastKnownFileType = sourcecode.swift; path = Settings.swift; sourceTree = "<group>"; };
		8EF83B722469DD7500B1383A /* SettingsViewController.swift */ = {isa = PBXFileReference; lastKnownFileType = sourcecode.swift; path = SettingsViewController.swift; sourceTree = "<group>"; };
		F7BD34BCC3AC76FF58E5C094 /* Pods_Millionaire.framework */ = {isa = PBXFileReference; explicitFileType = wrapper.framework; includeInIndex = 0; path = Pods_Millionaire.framework; sourceTree = BUILT_PRODUCTS_DIR; };
/* End PBXFileReference section */

/* Begin PBXFrameworksBuildPhase section */
		8EA7EE19246490C300BA2D74 /* Frameworks */ = {
			isa = PBXFrameworksBuildPhase;
			buildActionMask = 2147483647;
			files = (
				44B7B3CCA9C5D8076C8A3C58 /* Pods_Millionaire.framework in Frameworks */,
			);
			runOnlyForDeploymentPostprocessing = 0;
		};
/* End PBXFrameworksBuildPhase section */

/* Begin PBXGroup section */
		8E4E798A2469E51C00A64ABB /* View Controllers */ = {
			isa = PBXGroup;
			children = (
				8EA7EE332464915400BA2D74 /* MainViewController.swift */,
				8EA415F324649E5C00E1DC22 /* GameViewController.swift */,
				8EA415F924659DDE00E1DC22 /* TableViewController.swift */,
				8EF83B722469DD7500B1383A /* SettingsViewController.swift */,
			);
			path = "View Controllers";
			sourceTree = "<group>";
		};
		8EA7EE13246490C300BA2D74 = {
			isa = PBXGroup;
			children = (
				8EA7EE1E246490C300BA2D74 /* Millionaire */,
				8EA7EE1D246490C300BA2D74 /* Products */,
				FFD86B8F4D55ECD847CAC5C4 /* Pods */,
				AC09E2A914F5CBE8EDC21CAE /* Frameworks */,
			);
			sourceTree = "<group>";
		};
		8EA7EE1D246490C300BA2D74 /* Products */ = {
			isa = PBXGroup;
			children = (
				8EA7EE1C246490C300BA2D74 /* Millionaire.app */,
			);
			name = Products;
			sourceTree = "<group>";
		};
		8EA7EE1E246490C300BA2D74 /* Millionaire */ = {
			isa = PBXGroup;
			children = (
				8EF6BA30246D40680025CD08 /* API */,
				8E4E798A2469E51C00A64ABB /* View Controllers */,
				8EF83B712469D7F800B1383A /* Memento */,
				8EF83B702469D79800B1383A /* Game */,
				8EF83B6F2469D78A00B1383A /* Model */,
				8EA7EE1F246490C300BA2D74 /* AppDelegate.swift */,
				8EA7EE21246490C300BA2D74 /* SceneDelegate.swift */,
				8EA7EE28246490C600BA2D74 /* Assets.xcassets */,
				8EA7EE2D246490C600BA2D74 /* Info.plist */,
				8EA7EE25246490C300BA2D74 /* Main.storyboard */,
				8EE41A642467005700A7F9F1 /* Helper.swift */,
				8E4E798B2469E70700A64ABB /* QuestionSelectionStrategy.swift */,
				8E391597246AA0CF00D085ED /* HintOptionsStrategy.swift */,
				8E391599246BD9D300D085ED /* MyObservable.swift */,
			);
			path = Millionaire;
			sourceTree = "<group>";
		};
		8EF6BA30246D40680025CD08 /* API */ = {
			isa = PBXGroup;
			children = (
				8EF6BA33246D40AA0025CD08 /* QuestionsApi.swift */,
				8EF6BA31246D40840025CD08 /* GetQuestionsApi.swift */,
			);
			path = API;
			sourceTree = "<group>";
		};
		8EF83B6F2469D78A00B1383A /* Model */ = {
			isa = PBXGroup;
			children = (
				8EA415F524656FF200E1DC22 /* GameSingletone.swift */,
				8EA415F72465706200E1DC22 /* GameSession.swift */,
				8EA415F1246495BF00E1DC22 /* Question.swift */,
				8EF83B6D2469D6D700B1383A /* Settings.swift */,
			);
			path = Model;
			sourceTree = "<group>";
		};
		8EF83B702469D79800B1383A /* Game */ = {
			isa = PBXGroup;
			children = (
				8EA415FB2465A0A900E1DC22 /* GameSceneDelegate.swift */,
			);
			path = Game;
			sourceTree = "<group>";
		};
		8EF83B712469D7F800B1383A /* Memento */ = {
			isa = PBXGroup;
			children = (
				8EA415FD2465B47900E1DC22 /* GameCaretaker.swift */,
			);
			path = Memento;
			sourceTree = "<group>";
		};
		AC09E2A914F5CBE8EDC21CAE /* Frameworks */ = {
			isa = PBXGroup;
			children = (
				F7BD34BCC3AC76FF58E5C094 /* Pods_Millionaire.framework */,
			);
			name = Frameworks;
			sourceTree = "<group>";
		};
		FFD86B8F4D55ECD847CAC5C4 /* Pods */ = {
			isa = PBXGroup;
			children = (
				7D69327BC69705754C26B0DB /* Pods-Millionaire.debug.xcconfig */,
				4B56931A81150C22087F8DE5 /* Pods-Millionaire.release.xcconfig */,
			);
			path = Pods;
			sourceTree = "<group>";
		};
/* End PBXGroup section */

/* Begin PBXNativeTarget section */
		8EA7EE1B246490C300BA2D74 /* Millionaire */ = {
			isa = PBXNativeTarget;
			buildConfigurationList = 8EA7EE30246490C600BA2D74 /* Build configuration list for PBXNativeTarget "Millionaire" */;
			buildPhases = (
				0751D0ED3846A0777D15223D /* [CP] Check Pods Manifest.lock */,
				8EA7EE18246490C300BA2D74 /* Sources */,
				8EA7EE19246490C300BA2D74 /* Frameworks */,
				8EA7EE1A246490C300BA2D74 /* Resources */,
				6726B9936788D38B06B8BEAA /* [CP] Embed Pods Frameworks */,
			);
			buildRules = (
			);
			dependencies = (
			);
			name = Millionaire;
			productName = Millionaire;
			productReference = 8EA7EE1C246490C300BA2D74 /* Millionaire.app */;
			productType = "com.apple.product-type.application";
		};
/* End PBXNativeTarget section */

/* Begin PBXProject section */
		8EA7EE14246490C300BA2D74 /* Project object */ = {
			isa = PBXProject;
			attributes = {
				LastSwiftUpdateCheck = 1140;
				LastUpgradeCheck = 1200;
				ORGANIZATIONNAME = "Stanislav Slipchenko";
				TargetAttributes = {
					8EA7EE1B246490C300BA2D74 = {
						CreatedOnToolsVersion = 11.4.1;
					};
				};
			};
			buildConfigurationList = 8EA7EE17246490C300BA2D74 /* Build configuration list for PBXProject "Millionaire" */;
			compatibilityVersion = "Xcode 9.3";
			developmentRegion = en;
			hasScannedForEncodings = 0;
			knownRegions = (
				en,
				Base,
			);
			mainGroup = 8EA7EE13246490C300BA2D74;
			productRefGroup = 8EA7EE1D246490C300BA2D74 /* Products */;
			projectDirPath = "";
			projectRoot = "";
			targets = (
				8EA7EE1B246490C300BA2D74 /* Millionaire */,
			);
		};
/* End PBXProject section */

/* Begin PBXResourcesBuildPhase section */
		8EA7EE1A246490C300BA2D74 /* Resources */ = {
			isa = PBXResourcesBuildPhase;
			buildActionMask = 2147483647;
			files = (
				8EA7EE29246490C600BA2D74 /* Assets.xcassets in Resources */,
				8EA7EE27246490C300BA2D74 /* Main.storyboard in Resources */,
			);
			runOnlyForDeploymentPostprocessing = 0;
		};
/* End PBXResourcesBuildPhase section */

/* Begin PBXShellScriptBuildPhase section */
		0751D0ED3846A0777D15223D /* [CP] Check Pods Manifest.lock */ = {
			isa = PBXShellScriptBuildPhase;
			buildActionMask = 2147483647;
			files = (
			);
			inputFileListPaths = (
			);
			inputPaths = (
				"${PODS_PODFILE_DIR_PATH}/Podfile.lock",
				"${PODS_ROOT}/Manifest.lock",
			);
			name = "[CP] Check Pods Manifest.lock";
			outputFileListPaths = (
			);
			outputPaths = (
				"$(DERIVED_FILE_DIR)/Pods-Millionaire-checkManifestLockResult.txt",
			);
			runOnlyForDeploymentPostprocessing = 0;
			shellPath = /bin/sh;
			shellScript = "diff \"${PODS_PODFILE_DIR_PATH}/Podfile.lock\" \"${PODS_ROOT}/Manifest.lock\" > /dev/null\nif [ $? != 0 ] ; then\n    # print error to STDERR\n    echo \"error: The sandbox is not in sync with the Podfile.lock. Run 'pod install' or update your CocoaPods installation.\" >&2\n    exit 1\nfi\n# This output is used by Xcode 'outputs' to avoid re-running this script phase.\necho \"SUCCESS\" > \"${SCRIPT_OUTPUT_FILE_0}\"\n";
			showEnvVarsInLog = 0;
		};
		6726B9936788D38B06B8BEAA /* [CP] Embed Pods Frameworks */ = {
			isa = PBXShellScriptBuildPhase;
			buildActionMask = 2147483647;
			files = (
			);
			inputFileListPaths = (
				"${PODS_ROOT}/Target Support Files/Pods-Millionaire/Pods-Millionaire-frameworks-${CONFIGURATION}-input-files.xcfilelist",
			);
			name = "[CP] Embed Pods Frameworks";
			outputFileListPaths = (
				"${PODS_ROOT}/Target Support Files/Pods-Millionaire/Pods-Millionaire-frameworks-${CONFIGURATION}-output-files.xcfilelist",
			);
			runOnlyForDeploymentPostprocessing = 0;
			shellPath = /bin/sh;
			shellScript = "\"${PODS_ROOT}/Target Support Files/Pods-Millionaire/Pods-Millionaire-frameworks.sh\"\n";
			showEnvVarsInLog = 0;
		};
/* End PBXShellScriptBuildPhase section */

/* Begin PBXSourcesBuildPhase section */
		8EA7EE18246490C300BA2D74 /* Sources */ = {
			isa = PBXSourcesBuildPhase;
			buildActionMask = 2147483647;
			files = (
				8EE41A652467005700A7F9F1 /* Helper.swift in Sources */,
				8EA415F424649E5C00E1DC22 /* GameViewController.swift in Sources */,
				8EA415FC2465A0A900E1DC22 /* GameSceneDelegate.swift in Sources */,
				8EA415FE2465B47900E1DC22 /* GameCaretaker.swift in Sources */,
				8EA415F624656FF200E1DC22 /* GameSingletone.swift in Sources */,
				8EA7EE342464915400BA2D74 /* MainViewController.swift in Sources */,
				8E391598246AA0CF00D085ED /* HintOptionsStrategy.swift in Sources */,
				8EF83B6E2469D6D700B1383A /* Settings.swift in Sources */,
				8E39159A246BD9D300D085ED /* MyObservable.swift in Sources */,
				8E4E798C2469E70700A64ABB /* QuestionSelectionStrategy.swift in Sources */,
				8EA415FA24659DDE00E1DC22 /* TableViewController.swift in Sources */,
				8EA415F2246495C000E1DC22 /* Question.swift in Sources */,
				8EA415F82465706200E1DC22 /* GameSession.swift in Sources */,
				8EF83B732469DD7500B1383A /* SettingsViewController.swift in Sources */,
				8EF6BA32246D40840025CD08 /* GetQuestionsApi.swift in Sources */,
				8EA7EE20246490C300BA2D74 /* AppDelegate.swift in Sources */,
				8EF6BA34246D40AA0025CD08 /* QuestionsApi.swift in Sources */,
				8EA7EE22246490C300BA2D74 /* SceneDelegate.swift in Sources */,
			);
			runOnlyForDeploymentPostprocessing = 0;
		};
/* End PBXSourcesBuildPhase section */

/* Begin PBXVariantGroup section */
		8EA7EE25246490C300BA2D74 /* Main.storyboard */ = {
			isa = PBXVariantGroup;
			children = (
				8EA7EE26246490C300BA2D74 /* Base */,
			);
			name = Main.storyboard;
			sourceTree = "<group>";
		};
/* End PBXVariantGroup section */

/* Begin XCBuildConfiguration section */
		8EA7EE2E246490C600BA2D74 /* Debug */ = {
			isa = XCBuildConfiguration;
			buildSettings = {
				ALWAYS_SEARCH_USER_PATHS = NO;
				CLANG_ANALYZER_NONNULL = YES;
				CLANG_ANALYZER_NUMBER_OBJECT_CONVERSION = YES_AGGRESSIVE;
				CLANG_CXX_LANGUAGE_STANDARD = "gnu++14";
				CLANG_CXX_LIBRARY = "libc++";
				CLANG_ENABLE_MODULES = YES;
				CLANG_ENABLE_OBJC_ARC = YES;
				CLANG_ENABLE_OBJC_WEAK = YES;
				CLANG_WARN_BLOCK_CAPTURE_AUTORELEASING = YES;
				CLANG_WARN_BOOL_CONVERSION = YES;
				CLANG_WARN_COMMA = YES;
				CLANG_WARN_CONSTANT_CONVERSION = YES;
				CLANG_WARN_DEPRECATED_OBJC_IMPLEMENTATIONS = YES;
				CLANG_WARN_DIRECT_OBJC_ISA_USAGE = YES_ERROR;
				CLANG_WARN_DOCUMENTATION_COMMENTS = YES;
				CLANG_WARN_EMPTY_BODY = YES;
				CLANG_WARN_ENUM_CONVERSION = YES;
				CLANG_WARN_INFINITE_RECURSION = YES;
				CLANG_WARN_INT_CONVERSION = YES;
				CLANG_WARN_NON_LITERAL_NULL_CONVERSION = YES;
				CLANG_WARN_OBJC_IMPLICIT_RETAIN_SELF = YES;
				CLANG_WARN_OBJC_LITERAL_CONVERSION = YES;
				CLANG_WARN_OBJC_ROOT_CLASS = YES_ERROR;
				CLANG_WARN_QUOTED_INCLUDE_IN_FRAMEWORK_HEADER = YES;
				CLANG_WARN_RANGE_LOOP_ANALYSIS = YES;
				CLANG_WARN_STRICT_PROTOTYPES = YES;
				CLANG_WARN_SUSPICIOUS_MOVE = YES;
				CLANG_WARN_UNGUARDED_AVAILABILITY = YES_AGGRESSIVE;
				CLANG_WARN_UNREACHABLE_CODE = YES;
				CLANG_WARN__DUPLICATE_METHOD_MATCH = YES;
				COPY_PHASE_STRIP = NO;
				DEBUG_INFORMATION_FORMAT = dwarf;
				ENABLE_STRICT_OBJC_MSGSEND = YES;
				ENABLE_TESTABILITY = YES;
				GCC_C_LANGUAGE_STANDARD = gnu11;
				GCC_DYNAMIC_NO_PIC = NO;
				GCC_NO_COMMON_BLOCKS = YES;
				GCC_OPTIMIZATION_LEVEL = 0;
				GCC_PREPROCESSOR_DEFINITIONS = (
					"DEBUG=1",
					"$(inherited)",
				);
				GCC_WARN_64_TO_32_BIT_CONVERSION = YES;
				GCC_WARN_ABOUT_RETURN_TYPE = YES_ERROR;
				GCC_WARN_UNDECLARED_SELECTOR = YES;
				GCC_WARN_UNINITIALIZED_AUTOS = YES_AGGRESSIVE;
				GCC_WARN_UNUSED_FUNCTION = YES;
				GCC_WARN_UNUSED_VARIABLE = YES;
				IPHONEOS_DEPLOYMENT_TARGET = 13.4;
				MTL_ENABLE_DEBUG_INFO = INCLUDE_SOURCE;
				MTL_FAST_MATH = YES;
				ONLY_ACTIVE_ARCH = YES;
				SDKROOT = iphoneos;
				SWIFT_ACTIVE_COMPILATION_CONDITIONS = DEBUG;
				SWIFT_OPTIMIZATION_LEVEL = "-Onone";
			};
			name = Debug;
		};
		8EA7EE2F246490C600BA2D74 /* Release */ = {
			isa = XCBuildConfiguration;
			buildSettings = {
				ALWAYS_SEARCH_USER_PATHS = NO;
				CLANG_ANALYZER_NONNULL = YES;
				CLANG_ANALYZER_NUMBER_OBJECT_CONVERSION = YES_AGGRESSIVE;
				CLANG_CXX_LANGUAGE_STANDARD = "gnu++14";
				CLANG_CXX_LIBRARY = "libc++";
				CLANG_ENABLE_MODULES = YES;
				CLANG_ENABLE_OBJC_ARC = YES;
				CLANG_ENABLE_OBJC_WEAK = YES;
				CLANG_WARN_BLOCK_CAPTURE_AUTORELEASING = YES;
				CLANG_WARN_BOOL_CONVERSION = YES;
				CLANG_WARN_COMMA = YES;
				CLANG_WARN_CONSTANT_CONVERSION = YES;
				CLANG_WARN_DEPRECATED_OBJC_IMPLEMENTATIONS = YES;
				CLANG_WARN_DIRECT_OBJC_ISA_USAGE = YES_ERROR;
				CLANG_WARN_DOCUMENTATION_COMMENTS = YES;
				CLANG_WARN_EMPTY_BODY = YES;
				CLANG_WARN_ENUM_CONVERSION = YES;
				CLANG_WARN_INFINITE_RECURSION = YES;
				CLANG_WARN_INT_CONVERSION = YES;
				CLANG_WARN_NON_LITERAL_NULL_CONVERSION = YES;
				CLANG_WARN_OBJC_IMPLICIT_RETAIN_SELF = YES;
				CLANG_WARN_OBJC_LITERAL_CONVERSION = YES;
				CLANG_WARN_OBJC_ROOT_CLASS = YES_ERROR;
				CLANG_WARN_QUOTED_INCLUDE_IN_FRAMEWORK_HEADER = YES;
				CLANG_WARN_RANGE_LOOP_ANALYSIS = YES;
				CLANG_WARN_STRICT_PROTOTYPES = YES;
				CLANG_WARN_SUSPICIOUS_MOVE = YES;
				CLANG_WARN_UNGUARDED_AVAILABILITY = YES_AGGRESSIVE;
				CLANG_WARN_UNREACHABLE_CODE = YES;
				CLANG_WARN__DUPLICATE_METHOD_MATCH = YES;
				COPY_PHASE_STRIP = NO;
				DEBUG_INFORMATION_FORMAT = "dwarf-with-dsym";
				ENABLE_NS_ASSERTIONS = NO;
				ENABLE_STRICT_OBJC_MSGSEND = YES;
				GCC_C_LANGUAGE_STANDARD = gnu11;
				GCC_NO_COMMON_BLOCKS = YES;
				GCC_WARN_64_TO_32_BIT_CONVERSION = YES;
				GCC_WARN_ABOUT_RETURN_TYPE = YES_ERROR;
				GCC_WARN_UNDECLARED_SELECTOR = YES;
				GCC_WARN_UNINITIALIZED_AUTOS = YES_AGGRESSIVE;
				GCC_WARN_UNUSED_FUNCTION = YES;
				GCC_WARN_UNUSED_VARIABLE = YES;
				IPHONEOS_DEPLOYMENT_TARGET = 13.4;
				MTL_ENABLE_DEBUG_INFO = NO;
				MTL_FAST_MATH = YES;
				SDKROOT = iphoneos;
				SWIFT_COMPILATION_MODE = wholemodule;
				SWIFT_OPTIMIZATION_LEVEL = "-O";
				VALIDATE_PRODUCT = YES;
			};
			name = Release;
		};
		8EA7EE31246490C600BA2D74 /* Debug */ = {
			isa = XCBuildConfiguration;
			baseConfigurationReference = 7D69327BC69705754C26B0DB /* Pods-Millionaire.debug.xcconfig */;
			buildSettings = {
				ASSETCATALOG_COMPILER_APPICON_NAME = AppIcon;
				CODE_SIGN_STYLE = Automatic;
				DEVELOPMENT_TEAM = GAPK9VY2U9;
				INFOPLIST_FILE = Millionaire/Info.plist;
				LD_RUNPATH_SEARCH_PATHS = (
					"$(inherited)",
					"@executable_path/Frameworks",
				);
				PRODUCT_BUNDLE_IDENTIFIER = com.slipchenko.GitMath.Millionaire;
				PRODUCT_NAME = "$(TARGET_NAME)";
				SWIFT_VERSION = 5.0;
				TARGETED_DEVICE_FAMILY = 1;
			};
			name = Debug;
		};
		8EA7EE32246490C600BA2D74 /* Release */ = {
			isa = XCBuildConfiguration;
			baseConfigurationReference = 4B56931A81150C22087F8DE5 /* Pods-Millionaire.release.xcconfig */;
			buildSettings = {
				ASSETCATALOG_COMPILER_APPICON_NAME = AppIcon;
				CODE_SIGN_STYLE = Automatic;
				DEVELOPMENT_TEAM = GAPK9VY2U9;
				INFOPLIST_FILE = Millionaire/Info.plist;
				LD_RUNPATH_SEARCH_PATHS = (
					"$(inherited)",
					"@executable_path/Frameworks",
				);
				PRODUCT_BUNDLE_IDENTIFIER = com.slipchenko.GitMath.Millionaire;
				PRODUCT_NAME = "$(TARGET_NAME)";
				SWIFT_VERSION = 5.0;
				TARGETED_DEVICE_FAMILY = 1;
			};
			name = Release;
		};
/* End XCBuildConfiguration section */

/* Begin XCConfigurationList section */
		8EA7EE17246490C300BA2D74 /* Build configuration list for PBXProject "Millionaire" */ = {
			isa = XCConfigurationList;
			buildConfigurations = (
				8EA7EE2E246490C600BA2D74 /* Debug */,
				8EA7EE2F246490C600BA2D74 /* Release */,
			);
			defaultConfigurationIsVisible = 0;
			defaultConfigurationName = Release;
		};
		8EA7EE30246490C600BA2D74 /* Build configuration list for PBXNativeTarget "Millionaire" */ = {
			isa = XCConfigurationList;
			buildConfigurations = (
				8EA7EE31246490C600BA2D74 /* Debug */,
				8EA7EE32246490C600BA2D74 /* Release */,
			);
			defaultConfigurationIsVisible = 0;
			defaultConfigurationName = Release;
		};
/* End XCConfigurationList section */
	};
	rootObject = 8EA7EE14246490C300BA2D74 /* Project object */;
}
